
Microsoft Visual Studio Solution File, Format Version 12.00
Project("{FAE04EC0-301F-11D3-BF4B-00C04F79EFBC}") = "LoggingDemo", "LoggingDemo\LoggingDemo.csproj", "{7703DFE2-4253-49CE-9E0D-D78A102B6867}"
EndProject
Global
	GlobalSection(SolutionConfigurationPlatforms) = preSolution
		Debug|Any CPU = Debug|Any CPU
		Release|Any CPU = Release|Any CPU
	EndGlobalSection
	GlobalSection(ProjectConfigurationPlatforms) = postSolution
		{7703DFE2-4253-49CE-9E0D-D78A102B6867}.Debug|Any CPU.ActiveCfg = Debug|Any CPU
		{7703DFE2-4253-49CE-9E0D-D78A102B6867}.Debug|Any CPU.Build.0 = Debug|Any CPU
		{7703DFE2-4253-49CE-9E0D-D78A102B6867}.Release|Any CPU.ActiveCfg = Release|Any CPU
		{7703DFE2-4253-49CE-9E0D-D78A102B6867}.Release|Any CPU.Build.0 = Release|Any CPU
	EndGlobalSection
EndGlobal
